// !$*UTF8*$!
{
	archiveVersion = 1;
	classes = {
	};
	objectVersion = 46;
	objects = {

/* Begin PBXBuildFile section */
		E2296D2A16B760EC00E332D9 /* UIKit.framework in Frameworks */ = {isa = PBXBuildFile; fileRef = E2296D2916B760EC00E332D9 /* UIKit.framework */; };
		E2296D2C16B760EC00E332D9 /* Foundation.framework in Frameworks */ = {isa = PBXBuildFile; fileRef = E2296D2B16B760EC00E332D9 /* Foundation.framework */; };
		E2296D2E16B760EC00E332D9 /* CoreGraphics.framework in Frameworks */ = {isa = PBXBuildFile; fileRef = E2296D2D16B760EC00E332D9 /* CoreGraphics.framework */; };
		E2296D3416B760EC00E332D9 /* InfoPlist.strings in Resources */ = {isa = PBXBuildFile; fileRef = E2296D3216B760EC00E332D9 /* InfoPlist.strings */; };
		E2296D3616B760EC00E332D9 /* main.m in Sources */ = {isa = PBXBuildFile; fileRef = E2296D3516B760EC00E332D9 /* main.m */; };
		E2296D3A16B760EC00E332D9 /* AppDelegate.m in Sources */ = {isa = PBXBuildFile; fileRef = E2296D3916B760EC00E332D9 /* AppDelegate.m */; };
		E2296D3C16B760EC00E332D9 /* Default.png in Resources */ = {isa = PBXBuildFile; fileRef = E2296D3B16B760EC00E332D9 /* Default.png */; };
		E2296D3E16B760EC00E332D9 /* Default@2x.png in Resources */ = {isa = PBXBuildFile; fileRef = E2296D3D16B760EC00E332D9 /* Default@2x.png */; };
		E2296D4016B760EC00E332D9 /* Default-568h@2x.png in Resources */ = {isa = PBXBuildFile; fileRef = E2296D3F16B760EC00E332D9 /* Default-568h@2x.png */; };
		E2296D4316B760EC00E332D9 /* MainStoryboard.storyboard in Resources */ = {isa = PBXBuildFile; fileRef = E2296D4116B760EC00E332D9 /* MainStoryboard.storyboard */; };
		E2296D4616B760EC00E332D9 /* ViewController.m in Sources */ = {isa = PBXBuildFile; fileRef = E2296D4516B760EC00E332D9 /* ViewController.m */; };
		E2296D4E16B7625800E332D9 /* LoginViewController.m in Sources */ = {isa = PBXBuildFile; fileRef = E2296D4D16B7625800E332D9 /* LoginViewController.m */; };
		E2296D5116B7723F00E332D9 /* SignupViewController.m in Sources */ = {isa = PBXBuildFile; fileRef = E2296D5016B7723F00E332D9 /* SignupViewController.m */; };
		E2EE650516C293D300ED1C73 /* AppSettings.m in Sources */ = {isa = PBXBuildFile; fileRef = E2EE650416C293D300ED1C73 /* AppSettings.m */; };
		E2EE650F16C29C2F00ED1C73 /* NavigationCell.m in Sources */ = {isa = PBXBuildFile; fileRef = E2EE650E16C29C2F00ED1C73 /* NavigationCell.m */; };
		E2EE651116C29D1600ED1C73 /* NavigationCell.xib in Resources */ = {isa = PBXBuildFile; fileRef = E2EE651016C29D1600ED1C73 /* NavigationCell.xib */; };
		E2EE651416C2A59400ED1C73 /* MenuItem.m in Sources */ = {isa = PBXBuildFile; fileRef = E2EE651316C2A59400ED1C73 /* MenuItem.m */; };
		E2EE651716C2A62500ED1C73 /* Menu.m in Sources */ = {isa = PBXBuildFile; fileRef = E2EE651616C2A62500ED1C73 /* Menu.m */; };
		E2EE652916C5007D00ED1C73 /* 01.png in Resources */ = {isa = PBXBuildFile; fileRef = E2EE651916C5007D00ED1C73 /* 01.png */; };
		E2EE652A16C5007D00ED1C73 /* 001.png in Resources */ = {isa = PBXBuildFile; fileRef = E2EE651A16C5007D00ED1C73 /* 001.png */; };
		E2EE652B16C5007D00ED1C73 /* 02.png in Resources */ = {isa = PBXBuildFile; fileRef = E2EE651B16C5007D00ED1C73 /* 02.png */; };
		E2EE652C16C5007D00ED1C73 /* 002.png in Resources */ = {isa = PBXBuildFile; fileRef = E2EE651C16C5007D00ED1C73 /* 002.png */; };
		E2EE652D16C5007D00ED1C73 /* 03.png in Resources */ = {isa = PBXBuildFile; fileRef = E2EE651D16C5007D00ED1C73 /* 03.png */; };
		E2EE652E16C5007D00ED1C73 /* 003.png in Resources */ = {isa = PBXBuildFile; fileRef = E2EE651E16C5007D00ED1C73 /* 003.png */; };
		E2EE652F16C5007D00ED1C73 /* 04.png in Resources */ = {isa = PBXBuildFile; fileRef = E2EE651F16C5007D00ED1C73 /* 04.png */; };
		E2EE653016C5007D00ED1C73 /* 004.png in Resources */ = {isa = PBXBuildFile; fileRef = E2EE652016C5007D00ED1C73 /* 004.png */; };
		E2EE653116C5007D00ED1C73 /* 05.png in Resources */ = {isa = PBXBuildFile; fileRef = E2EE652116C5007D00ED1C73 /* 05.png */; };
		E2EE653216C5007D00ED1C73 /* 005.png in Resources */ = {isa = PBXBuildFile; fileRef = E2EE652216C5007D00ED1C73 /* 005.png */; };
		E2EE653316C5007D00ED1C73 /* 06.png in Resources */ = {isa = PBXBuildFile; fileRef = E2EE652316C5007D00ED1C73 /* 06.png */; };
		E2EE653416C5007D00ED1C73 /* 006.png in Resources */ = {isa = PBXBuildFile; fileRef = E2EE652416C5007D00ED1C73 /* 006.png */; };
		E2EE653516C5007D00ED1C73 /* 07.png in Resources */ = {isa = PBXBuildFile; fileRef = E2EE652516C5007D00ED1C73 /* 07.png */; };
		E2EE653616C5007D00ED1C73 /* 007.png in Resources */ = {isa = PBXBuildFile; fileRef = E2EE652616C5007D00ED1C73 /* 007.png */; };
		E2EE653716C5007D00ED1C73 /* 08.png in Resources */ = {isa = PBXBuildFile; fileRef = E2EE652716C5007D00ED1C73 /* 08.png */; };
		E2EE653816C5007D00ED1C73 /* 008.png in Resources */ = {isa = PBXBuildFile; fileRef = E2EE652816C5007D00ED1C73 /* 008.png */; };
		E2EE653D16C529A100ED1C73 /* InformationViewController.m in Sources */ = {isa = PBXBuildFile; fileRef = E2EE653B16C529A100ED1C73 /* InformationViewController.m */; };
		E2EE653E16C529A100ED1C73 /* InformationViewController.xib in Resources */ = {isa = PBXBuildFile; fileRef = E2EE653C16C529A100ED1C73 /* InformationViewController.xib */; };
		E2EE655316C6055D00ED1C73 /* PullRefreshTableViewController.m in Sources */ = {isa = PBXBuildFile; fileRef = E2EE655216C6055D00ED1C73 /* PullRefreshTableViewController.m */; };
		E2EE657116C685F300ED1C73 /* AFHTTPClient.m in Sources */ = {isa = PBXBuildFile; fileRef = E2EE655F16C685F300ED1C73 /* AFHTTPClient.m */; };
		E2EE657216C685F300ED1C73 /* AFHTTPRequestOperation.m in Sources */ = {isa = PBXBuildFile; fileRef = E2EE656116C685F300ED1C73 /* AFHTTPRequestOperation.m */; };
		E2EE657316C685F300ED1C73 /* AFImageRequestOperation.m in Sources */ = {isa = PBXBuildFile; fileRef = E2EE656316C685F300ED1C73 /* AFImageRequestOperation.m */; };
		E2EE657416C685F300ED1C73 /* AFJSONRequestOperation.m in Sources */ = {isa = PBXBuildFile; fileRef = E2EE656516C685F300ED1C73 /* AFJSONRequestOperation.m */; };
		E2EE657516C685F300ED1C73 /* AFNetworkActivityIndicatorManager.m in Sources */ = {isa = PBXBuildFile; fileRef = E2EE656716C685F300ED1C73 /* AFNetworkActivityIndicatorManager.m */; };
		E2EE657616C685F300ED1C73 /* AFPropertyListRequestOperation.m in Sources */ = {isa = PBXBuildFile; fileRef = E2EE656A16C685F300ED1C73 /* AFPropertyListRequestOperation.m */; };
		E2EE657716C685F300ED1C73 /* AFURLConnectionOperation.m in Sources */ = {isa = PBXBuildFile; fileRef = E2EE656C16C685F300ED1C73 /* AFURLConnectionOperation.m */; };
		E2EE657816C685F300ED1C73 /* AFXMLRequestOperation.m in Sources */ = {isa = PBXBuildFile; fileRef = E2EE656E16C685F300ED1C73 /* AFXMLRequestOperation.m */; };
		E2EE657916C685F300ED1C73 /* UIImageView+AFNetworking.m in Sources */ = {isa = PBXBuildFile; fileRef = E2EE657016C685F300ED1C73 /* UIImageView+AFNetworking.m */; };
		E2EE658016C6860300ED1C73 /* SyncParseAPIClient.m in Sources */ = {isa = PBXBuildFile; fileRef = E2EE657B16C6860300ED1C73 /* SyncParseAPIClient.m */; };
		E2EE658116C6860300ED1C73 /* SyncEngine.m in Sources */ = {isa = PBXBuildFile; fileRef = E2EE657D16C6860300ED1C73 /* SyncEngine.m */; };
		E2EE658216C6860300ED1C73 /* CoreDataController.m in Sources */ = {isa = PBXBuildFile; fileRef = E2EE657F16C6860300ED1C73 /* CoreDataController.m */; };
		E2EE658416C6863D00ED1C73 /* CoreData.framework in Frameworks */ = {isa = PBXBuildFile; fileRef = E2EE658316C6863D00ED1C73 /* CoreData.framework */; };
		E2EE658816C68E0F00ED1C73 /* HttpClient.m in Sources */ = {isa = PBXBuildFile; fileRef = E2EE658716C68E0F00ED1C73 /* HttpClient.m */; };
		E2EE658C16C7C72100ED1C73 /* HelpCallViewController.m in Sources */ = {isa = PBXBuildFile; fileRef = E2EE658A16C7C72100ED1C73 /* HelpCallViewController.m */; };
		E2EE658D16C7C72100ED1C73 /* HelpCallViewController.xib in Resources */ = {isa = PBXBuildFile; fileRef = E2EE658B16C7C72100ED1C73 /* HelpCallViewController.xib */; };
		E2EE659116C7E6E600ED1C73 /* AccidentRescueViewController.m in Sources */ = {isa = PBXBuildFile; fileRef = E2EE658F16C7E6E500ED1C73 /* AccidentRescueViewController.m */; };
		E2EE659216C7E6E600ED1C73 /* AccidentRescueViewController.xib in Resources */ = {isa = PBXBuildFile; fileRef = E2EE659016C7E6E500ED1C73 /* AccidentRescueViewController.xib */; };
		E2EE659616C7ED0500ED1C73 /* MaintainSuggestionViewController.m in Sources */ = {isa = PBXBuildFile; fileRef = E2EE659416C7ED0400ED1C73 /* MaintainSuggestionViewController.m */; };
		E2EE659716C7ED0500ED1C73 /* MaintainSuggestionViewController.xib in Resources */ = {isa = PBXBuildFile; fileRef = E2EE659516C7ED0400ED1C73 /* MaintainSuggestionViewController.xib */; };
		E2EE659B16C7EFA800ED1C73 /* DriverLicenseViewController.m in Sources */ = {isa = PBXBuildFile; fileRef = E2EE659916C7EFA700ED1C73 /* DriverLicenseViewController.m */; };
		E2EE659C16C7EFA800ED1C73 /* DriverLicenseViewController.xib in Resources */ = {isa = PBXBuildFile; fileRef = E2EE659A16C7EFA800ED1C73 /* DriverLicenseViewController.xib */; };
		E2EE65A016C7F13500ED1C73 /* CarRegistrationViewController.m in Sources */ = {isa = PBXBuildFile; fileRef = E2EE659E16C7F13400ED1C73 /* CarRegistrationViewController.m */; };
		E2EE65A116C7F13500ED1C73 /* CarRegistrationViewController.xib in Resources */ = {isa = PBXBuildFile; fileRef = E2EE659F16C7F13400ED1C73 /* CarRegistrationViewController.xib */; };
		E2EE65A516C7F2CC00ED1C73 /* IllegallyListViewController.m in Sources */ = {isa = PBXBuildFile; fileRef = E2EE65A316C7F2CB00ED1C73 /* IllegallyListViewController.m */; };
		E2EE65A616C7F2CC00ED1C73 /* IllegallyListViewController.xib in Resources */ = {isa = PBXBuildFile; fileRef = E2EE65A416C7F2CC00ED1C73 /* IllegallyListViewController.xib */; };
		E2EE65AA16C7F56400ED1C73 /* BrowserViewController.m in Sources */ = {isa = PBXBuildFile; fileRef = E2EE65A816C7F56400ED1C73 /* BrowserViewController.m */; };
		E2EE65AB16C7F56400ED1C73 /* BrowserViewController.xib in Resources */ = {isa = PBXBuildFile; fileRef = E2EE65A916C7F56400ED1C73 /* BrowserViewController.xib */; };
		E2EE65BF16CC7F2400ED1C73 /* TaxForCarShipViewController.m in Sources */ = {isa = PBXBuildFile; fileRef = E2EE65BD16CC7F2400ED1C73 /* TaxForCarShipViewController.m */; };
		E2EE65C016CC7F2400ED1C73 /* TaxForCarShipViewController.xib in Resources */ = {isa = PBXBuildFile; fileRef = E2EE65BE16CC7F2400ED1C73 /* TaxForCarShipViewController.xib */; };
		E2EE65CD16CC89B400ED1C73 /* CompulsoryInsuranceViewController.m in Sources */ = {isa = PBXBuildFile; fileRef = E2EE65CB16CC89B300ED1C73 /* CompulsoryInsuranceViewController.m */; };
		E2EE65CE16CC89B400ED1C73 /* CompulsoryInsuranceViewController.xib in Resources */ = {isa = PBXBuildFile; fileRef = E2EE65CC16CC89B400ED1C73 /* CompulsoryInsuranceViewController.xib */; };
		E2EE65D216CC915500ED1C73 /* BusinessInsuranceViewController.m in Sources */ = {isa = PBXBuildFile; fileRef = E2EE65D016CC915300ED1C73 /* BusinessInsuranceViewController.m */; };
		E2EE65D316CC915500ED1C73 /* BusinessInsuranceViewController.xib in Resources */ = {isa = PBXBuildFile; fileRef = E2EE65D116CC915500ED1C73 /* BusinessInsuranceViewController.xib */; };
		E2EE65D716CC92B400ED1C73 /* BusinessInsuranceHeaderViewViewController.m in Sources */ = {isa = PBXBuildFile; fileRef = E2EE65D516CC92B400ED1C73 /* BusinessInsuranceHeaderViewViewController.m */; };
		E2EE65D816CC92B400ED1C73 /* BusinessInsuranceHeaderViewViewController.xib in Resources */ = {isa = PBXBuildFile; fileRef = E2EE65D616CC92B400ED1C73 /* BusinessInsuranceHeaderViewViewController.xib */; };
		E2EE65DC16CC9E4600ED1C73 /* InsuranceRecordsViewController.m in Sources */ = {isa = PBXBuildFile; fileRef = E2EE65DA16CC9E4400ED1C73 /* InsuranceRecordsViewController.m */; };
		E2EE65DD16CC9E4600ED1C73 /* InsuranceRecordsViewController.xib in Resources */ = {isa = PBXBuildFile; fileRef = E2EE65DB16CC9E4600ED1C73 /* InsuranceRecordsViewController.xib */; };
		E2EE65E116CCA13E00ED1C73 /* MaintainListViewController.m in Sources */ = {isa = PBXBuildFile; fileRef = E2EE65DF16CCA13A00ED1C73 /* MaintainListViewController.m */; };
		E2EE65E216CCA13E00ED1C73 /* MaintainListViewController.xib in Resources */ = {isa = PBXBuildFile; fileRef = E2EE65E016CCA13D00ED1C73 /* MaintainListViewController.xib */; };
		E2EE65E616CCA4C600ED1C73 /* MaintainRecordDetailViewController.m in Sources */ = {isa = PBXBuildFile; fileRef = E2EE65E416CCA4C600ED1C73 /* MaintainRecordDetailViewController.m */; };
		E2EE65E716CCA4C600ED1C73 /* MaintainRecordDetailViewController.xib in Resources */ = {isa = PBXBuildFile; fileRef = E2EE65E516CCA4C600ED1C73 /* MaintainRecordDetailViewController.xib */; };
		E2EE65EA16CD099000ED1C73 /* NetViewController.m in Sources */ = {isa = PBXBuildFile; fileRef = E2EE65E916CD099000ED1C73 /* NetViewController.m */; };
		E2EE65F016CD117800ED1C73 /* SystemConfiguration.framework in Frameworks */ = {isa = PBXBuildFile; fileRef = E2EE65EF16CD117600ED1C73 /* SystemConfiguration.framework */; };
/* End PBXBuildFile section */

/* Begin PBXFileReference section */
		E2296D2516B760EC00E332D9 /* EasyDrive365.app */ = {isa = PBXFileReference; explicitFileType = wrapper.application; includeInIndex = 0; path = EasyDrive365.app; sourceTree = BUILT_PRODUCTS_DIR; };
		E2296D2916B760EC00E332D9 /* UIKit.framework */ = {isa = PBXFileReference; lastKnownFileType = wrapper.framework; name = UIKit.framework; path = System/Library/Frameworks/UIKit.framework; sourceTree = SDKROOT; };
		E2296D2B16B760EC00E332D9 /* Foundation.framework */ = {isa = PBXFileReference; lastKnownFileType = wrapper.framework; name = Foundation.framework; path = System/Library/Frameworks/Foundation.framework; sourceTree = SDKROOT; };
		E2296D2D16B760EC00E332D9 /* CoreGraphics.framework */ = {isa = PBXFileReference; lastKnownFileType = wrapper.framework; name = CoreGraphics.framework; path = System/Library/Frameworks/CoreGraphics.framework; sourceTree = SDKROOT; };
		E2296D3116B760EC00E332D9 /* EasyDrive365-Info.plist */ = {isa = PBXFileReference; lastKnownFileType = text.plist.xml; path = "EasyDrive365-Info.plist"; sourceTree = "<group>"; };
		E2296D3316B760EC00E332D9 /* en */ = {isa = PBXFileReference; lastKnownFileType = text.plist.strings; name = en; path = en.lproj/InfoPlist.strings; sourceTree = "<group>"; };
		E2296D3516B760EC00E332D9 /* main.m */ = {isa = PBXFileReference; lastKnownFileType = sourcecode.c.objc; path = main.m; sourceTree = "<group>"; };
		E2296D3716B760EC00E332D9 /* EasyDrive365-Prefix.pch */ = {isa = PBXFileReference; lastKnownFileType = sourcecode.c.h; path = "EasyDrive365-Prefix.pch"; sourceTree = "<group>"; };
		E2296D3816B760EC00E332D9 /* AppDelegate.h */ = {isa = PBXFileReference; lastKnownFileType = sourcecode.c.h; path = AppDelegate.h; sourceTree = "<group>"; };
		E2296D3916B760EC00E332D9 /* AppDelegate.m */ = {isa = PBXFileReference; lastKnownFileType = sourcecode.c.objc; path = AppDelegate.m; sourceTree = "<group>"; };
		E2296D3B16B760EC00E332D9 /* Default.png */ = {isa = PBXFileReference; lastKnownFileType = image.png; path = Default.png; sourceTree = "<group>"; };
		E2296D3D16B760EC00E332D9 /* Default@2x.png */ = {isa = PBXFileReference; lastKnownFileType = image.png; path = "Default@2x.png"; sourceTree = "<group>"; };
		E2296D3F16B760EC00E332D9 /* Default-568h@2x.png */ = {isa = PBXFileReference; lastKnownFileType = image.png; path = "Default-568h@2x.png"; sourceTree = "<group>"; };
		E2296D4216B760EC00E332D9 /* en */ = {isa = PBXFileReference; lastKnownFileType = file.storyboard; name = en; path = en.lproj/MainStoryboard.storyboard; sourceTree = "<group>"; };
		E2296D4416B760EC00E332D9 /* ViewController.h */ = {isa = PBXFileReference; lastKnownFileType = sourcecode.c.h; path = ViewController.h; sourceTree = "<group>"; };
		E2296D4516B760EC00E332D9 /* ViewController.m */ = {isa = PBXFileReference; lastKnownFileType = sourcecode.c.objc; path = ViewController.m; sourceTree = "<group>"; };
		E2296D4C16B7625800E332D9 /* LoginViewController.h */ = {isa = PBXFileReference; fileEncoding = 4; lastKnownFileType = sourcecode.c.h; path = LoginViewController.h; sourceTree = "<group>"; };
		E2296D4D16B7625800E332D9 /* LoginViewController.m */ = {isa = PBXFileReference; fileEncoding = 4; lastKnownFileType = sourcecode.c.objc; path = LoginViewController.m; sourceTree = "<group>"; };
		E2296D4F16B7723F00E332D9 /* SignupViewController.h */ = {isa = PBXFileReference; fileEncoding = 4; lastKnownFileType = sourcecode.c.h; path = SignupViewController.h; sourceTree = "<group>"; };
		E2296D5016B7723F00E332D9 /* SignupViewController.m */ = {isa = PBXFileReference; fileEncoding = 4; lastKnownFileType = sourcecode.c.objc; path = SignupViewController.m; sourceTree = "<group>"; };
		E2EE650316C293D300ED1C73 /* AppSettings.h */ = {isa = PBXFileReference; fileEncoding = 4; lastKnownFileType = sourcecode.c.h; path = AppSettings.h; sourceTree = "<group>"; };
		E2EE650416C293D300ED1C73 /* AppSettings.m */ = {isa = PBXFileReference; fileEncoding = 4; lastKnownFileType = sourcecode.c.objc; path = AppSettings.m; sourceTree = "<group>"; };
		E2EE650D16C29C2F00ED1C73 /* NavigationCell.h */ = {isa = PBXFileReference; fileEncoding = 4; lastKnownFileType = sourcecode.c.h; path = NavigationCell.h; sourceTree = "<group>"; };
		E2EE650E16C29C2F00ED1C73 /* NavigationCell.m */ = {isa = PBXFileReference; fileEncoding = 4; lastKnownFileType = sourcecode.c.objc; path = NavigationCell.m; sourceTree = "<group>"; };
		E2EE651016C29D1600ED1C73 /* NavigationCell.xib */ = {isa = PBXFileReference; fileEncoding = 4; lastKnownFileType = file.xib; path = NavigationCell.xib; sourceTree = "<group>"; };
		E2EE651216C2A59400ED1C73 /* MenuItem.h */ = {isa = PBXFileReference; fileEncoding = 4; lastKnownFileType = sourcecode.c.h; path = MenuItem.h; sourceTree = "<group>"; };
		E2EE651316C2A59400ED1C73 /* MenuItem.m */ = {isa = PBXFileReference; fileEncoding = 4; lastKnownFileType = sourcecode.c.objc; path = MenuItem.m; sourceTree = "<group>"; };
		E2EE651516C2A62500ED1C73 /* Menu.h */ = {isa = PBXFileReference; fileEncoding = 4; lastKnownFileType = sourcecode.c.h; path = Menu.h; sourceTree = "<group>"; };
		E2EE651616C2A62500ED1C73 /* Menu.m */ = {isa = PBXFileReference; fileEncoding = 4; lastKnownFileType = sourcecode.c.objc; path = Menu.m; sourceTree = "<group>"; };
		E2EE651916C5007D00ED1C73 /* 01.png */ = {isa = PBXFileReference; lastKnownFileType = image.png; path = 01.png; sourceTree = "<group>"; };
		E2EE651A16C5007D00ED1C73 /* 001.png */ = {isa = PBXFileReference; lastKnownFileType = image.png; path = 001.png; sourceTree = "<group>"; };
		E2EE651B16C5007D00ED1C73 /* 02.png */ = {isa = PBXFileReference; lastKnownFileType = image.png; path = 02.png; sourceTree = "<group>"; };
		E2EE651C16C5007D00ED1C73 /* 002.png */ = {isa = PBXFileReference; lastKnownFileType = image.png; path = 002.png; sourceTree = "<group>"; };
		E2EE651D16C5007D00ED1C73 /* 03.png */ = {isa = PBXFileReference; lastKnownFileType = image.png; path = 03.png; sourceTree = "<group>"; };
		E2EE651E16C5007D00ED1C73 /* 003.png */ = {isa = PBXFileReference; lastKnownFileType = image.png; path = 003.png; sourceTree = "<group>"; };
		E2EE651F16C5007D00ED1C73 /* 04.png */ = {isa = PBXFileReference; lastKnownFileType = image.png; path = 04.png; sourceTree = "<group>"; };
		E2EE652016C5007D00ED1C73 /* 004.png */ = {isa = PBXFileReference; lastKnownFileType = image.png; path = 004.png; sourceTree = "<group>"; };
		E2EE652116C5007D00ED1C73 /* 05.png */ = {isa = PBXFileReference; lastKnownFileType = image.png; path = 05.png; sourceTree = "<group>"; };
		E2EE652216C5007D00ED1C73 /* 005.png */ = {isa = PBXFileReference; lastKnownFileType = image.png; path = 005.png; sourceTree = "<group>"; };
		E2EE652316C5007D00ED1C73 /* 06.png */ = {isa = PBXFileReference; lastKnownFileType = image.png; path = 06.png; sourceTree = "<group>"; };
		E2EE652416C5007D00ED1C73 /* 006.png */ = {isa = PBXFileReference; lastKnownFileType = image.png; path = 006.png; sourceTree = "<group>"; };
		E2EE652516C5007D00ED1C73 /* 07.png */ = {isa = PBXFileReference; lastKnownFileType = image.png; path = 07.png; sourceTree = "<group>"; };
		E2EE652616C5007D00ED1C73 /* 007.png */ = {isa = PBXFileReference; lastKnownFileType = image.png; path = 007.png; sourceTree = "<group>"; };
		E2EE652716C5007D00ED1C73 /* 08.png */ = {isa = PBXFileReference; lastKnownFileType = image.png; path = 08.png; sourceTree = "<group>"; };
		E2EE652816C5007D00ED1C73 /* 008.png */ = {isa = PBXFileReference; lastKnownFileType = image.png; path = 008.png; sourceTree = "<group>"; };
		E2EE653A16C529A100ED1C73 /* InformationViewController.h */ = {isa = PBXFileReference; fileEncoding = 4; lastKnownFileType = sourcecode.c.h; path = InformationViewController.h; sourceTree = "<group>"; };
		E2EE653B16C529A100ED1C73 /* InformationViewController.m */ = {isa = PBXFileReference; fileEncoding = 4; lastKnownFileType = sourcecode.c.objc; path = InformationViewController.m; sourceTree = "<group>"; };
		E2EE653C16C529A100ED1C73 /* InformationViewController.xib */ = {isa = PBXFileReference; fileEncoding = 4; lastKnownFileType = file.xib; path = InformationViewController.xib; sourceTree = "<group>"; };
		E2EE655116C6055D00ED1C73 /* PullRefreshTableViewController.h */ = {isa = PBXFileReference; fileEncoding = 4; lastKnownFileType = sourcecode.c.h; path = PullRefreshTableViewController.h; sourceTree = "<group>"; };
		E2EE655216C6055D00ED1C73 /* PullRefreshTableViewController.m */ = {isa = PBXFileReference; fileEncoding = 4; lastKnownFileType = sourcecode.c.objc; path = PullRefreshTableViewController.m; sourceTree = "<group>"; };
		E2EE655E16C685F300ED1C73 /* AFHTTPClient.h */ = {isa = PBXFileReference; fileEncoding = 4; lastKnownFileType = sourcecode.c.h; path = AFHTTPClient.h; sourceTree = "<group>"; };
		E2EE655F16C685F300ED1C73 /* AFHTTPClient.m */ = {isa = PBXFileReference; fileEncoding = 4; lastKnownFileType = sourcecode.c.objc; path = AFHTTPClient.m; sourceTree = "<group>"; };
		E2EE656016C685F300ED1C73 /* AFHTTPRequestOperation.h */ = {isa = PBXFileReference; fileEncoding = 4; lastKnownFileType = sourcecode.c.h; path = AFHTTPRequestOperation.h; sourceTree = "<group>"; };
		E2EE656116C685F300ED1C73 /* AFHTTPRequestOperation.m */ = {isa = PBXFileReference; fileEncoding = 4; lastKnownFileType = sourcecode.c.objc; path = AFHTTPRequestOperation.m; sourceTree = "<group>"; };
		E2EE656216C685F300ED1C73 /* AFImageRequestOperation.h */ = {isa = PBXFileReference; fileEncoding = 4; lastKnownFileType = sourcecode.c.h; path = AFImageRequestOperation.h; sourceTree = "<group>"; };
		E2EE656316C685F300ED1C73 /* AFImageRequestOperation.m */ = {isa = PBXFileReference; fileEncoding = 4; lastKnownFileType = sourcecode.c.objc; path = AFImageRequestOperation.m; sourceTree = "<group>"; };
		E2EE656416C685F300ED1C73 /* AFJSONRequestOperation.h */ = {isa = PBXFileReference; fileEncoding = 4; lastKnownFileType = sourcecode.c.h; path = AFJSONRequestOperation.h; sourceTree = "<group>"; };
		E2EE656516C685F300ED1C73 /* AFJSONRequestOperation.m */ = {isa = PBXFileReference; fileEncoding = 4; lastKnownFileType = sourcecode.c.objc; path = AFJSONRequestOperation.m; sourceTree = "<group>"; };
		E2EE656616C685F300ED1C73 /* AFNetworkActivityIndicatorManager.h */ = {isa = PBXFileReference; fileEncoding = 4; lastKnownFileType = sourcecode.c.h; path = AFNetworkActivityIndicatorManager.h; sourceTree = "<group>"; };
		E2EE656716C685F300ED1C73 /* AFNetworkActivityIndicatorManager.m */ = {isa = PBXFileReference; fileEncoding = 4; lastKnownFileType = sourcecode.c.objc; path = AFNetworkActivityIndicatorManager.m; sourceTree = "<group>"; };
		E2EE656816C685F300ED1C73 /* AFNetworking.h */ = {isa = PBXFileReference; fileEncoding = 4; lastKnownFileType = sourcecode.c.h; path = AFNetworking.h; sourceTree = "<group>"; };
		E2EE656916C685F300ED1C73 /* AFPropertyListRequestOperation.h */ = {isa = PBXFileReference; fileEncoding = 4; lastKnownFileType = sourcecode.c.h; path = AFPropertyListRequestOperation.h; sourceTree = "<group>"; };
		E2EE656A16C685F300ED1C73 /* AFPropertyListRequestOperation.m */ = {isa = PBXFileReference; fileEncoding = 4; lastKnownFileType = sourcecode.c.objc; path = AFPropertyListRequestOperation.m; sourceTree = "<group>"; };
		E2EE656B16C685F300ED1C73 /* AFURLConnectionOperation.h */ = {isa = PBXFileReference; fileEncoding = 4; lastKnownFileType = sourcecode.c.h; path = AFURLConnectionOperation.h; sourceTree = "<group>"; };
		E2EE656C16C685F300ED1C73 /* AFURLConnectionOperation.m */ = {isa = PBXFileReference; fileEncoding = 4; lastKnownFileType = sourcecode.c.objc; path = AFURLConnectionOperation.m; sourceTree = "<group>"; };
		E2EE656D16C685F300ED1C73 /* AFXMLRequestOperation.h */ = {isa = PBXFileReference; fileEncoding = 4; lastKnownFileType = sourcecode.c.h; path = AFXMLRequestOperation.h; sourceTree = "<group>"; };
		E2EE656E16C685F300ED1C73 /* AFXMLRequestOperation.m */ = {isa = PBXFileReference; fileEncoding = 4; lastKnownFileType = sourcecode.c.objc; path = AFXMLRequestOperation.m; sourceTree = "<group>"; };
		E2EE656F16C685F300ED1C73 /* UIImageView+AFNetworking.h */ = {isa = PBXFileReference; fileEncoding = 4; lastKnownFileType = sourcecode.c.h; path = "UIImageView+AFNetworking.h"; sourceTree = "<group>"; };
		E2EE657016C685F300ED1C73 /* UIImageView+AFNetworking.m */ = {isa = PBXFileReference; fileEncoding = 4; lastKnownFileType = sourcecode.c.objc; path = "UIImageView+AFNetworking.m"; sourceTree = "<group>"; };
		E2EE657A16C6860300ED1C73 /* SyncParseAPIClient.h */ = {isa = PBXFileReference; fileEncoding = 4; lastKnownFileType = sourcecode.c.h; path = SyncParseAPIClient.h; sourceTree = "<group>"; };
		E2EE657B16C6860300ED1C73 /* SyncParseAPIClient.m */ = {isa = PBXFileReference; fileEncoding = 4; lastKnownFileType = sourcecode.c.objc; path = SyncParseAPIClient.m; sourceTree = "<group>"; };
		E2EE657C16C6860300ED1C73 /* SyncEngine.h */ = {isa = PBXFileReference; fileEncoding = 4; lastKnownFileType = sourcecode.c.h; path = SyncEngine.h; sourceTree = "<group>"; };
		E2EE657D16C6860300ED1C73 /* SyncEngine.m */ = {isa = PBXFileReference; fileEncoding = 4; lastKnownFileType = sourcecode.c.objc; path = SyncEngine.m; sourceTree = "<group>"; };
		E2EE657E16C6860300ED1C73 /* CoreDataController.h */ = {isa = PBXFileReference; fileEncoding = 4; lastKnownFileType = sourcecode.c.h; path = CoreDataController.h; sourceTree = "<group>"; };
		E2EE657F16C6860300ED1C73 /* CoreDataController.m */ = {isa = PBXFileReference; fileEncoding = 4; lastKnownFileType = sourcecode.c.objc; path = CoreDataController.m; sourceTree = "<group>"; };
		E2EE658316C6863D00ED1C73 /* CoreData.framework */ = {isa = PBXFileReference; lastKnownFileType = wrapper.framework; name = CoreData.framework; path = System/Library/Frameworks/CoreData.framework; sourceTree = SDKROOT; };
		E2EE658616C68E0F00ED1C73 /* HttpClient.h */ = {isa = PBXFileReference; fileEncoding = 4; lastKnownFileType = sourcecode.c.h; path = HttpClient.h; sourceTree = "<group>"; };
		E2EE658716C68E0F00ED1C73 /* HttpClient.m */ = {isa = PBXFileReference; fileEncoding = 4; lastKnownFileType = sourcecode.c.objc; path = HttpClient.m; sourceTree = "<group>"; };
		E2EE658916C7C72100ED1C73 /* HelpCallViewController.h */ = {isa = PBXFileReference; fileEncoding = 4; lastKnownFileType = sourcecode.c.h; path = HelpCallViewController.h; sourceTree = "<group>"; };
		E2EE658A16C7C72100ED1C73 /* HelpCallViewController.m */ = {isa = PBXFileReference; fileEncoding = 4; lastKnownFileType = sourcecode.c.objc; path = HelpCallViewController.m; sourceTree = "<group>"; };
		E2EE658B16C7C72100ED1C73 /* HelpCallViewController.xib */ = {isa = PBXFileReference; fileEncoding = 4; lastKnownFileType = file.xib; path = HelpCallViewController.xib; sourceTree = "<group>"; };
		E2EE658E16C7E6E500ED1C73 /* AccidentRescueViewController.h */ = {isa = PBXFileReference; fileEncoding = 4; lastKnownFileType = sourcecode.c.h; path = AccidentRescueViewController.h; sourceTree = "<group>"; };
		E2EE658F16C7E6E500ED1C73 /* AccidentRescueViewController.m */ = {isa = PBXFileReference; fileEncoding = 4; lastKnownFileType = sourcecode.c.objc; path = AccidentRescueViewController.m; sourceTree = "<group>"; };
		E2EE659016C7E6E500ED1C73 /* AccidentRescueViewController.xib */ = {isa = PBXFileReference; fileEncoding = 4; lastKnownFileType = file.xib; path = AccidentRescueViewController.xib; sourceTree = "<group>"; };
		E2EE659316C7ED0400ED1C73 /* MaintainSuggestionViewController.h */ = {isa = PBXFileReference; fileEncoding = 4; lastKnownFileType = sourcecode.c.h; path = MaintainSuggestionViewController.h; sourceTree = "<group>"; };
		E2EE659416C7ED0400ED1C73 /* MaintainSuggestionViewController.m */ = {isa = PBXFileReference; fileEncoding = 4; lastKnownFileType = sourcecode.c.objc; path = MaintainSuggestionViewController.m; sourceTree = "<group>"; };
		E2EE659516C7ED0400ED1C73 /* MaintainSuggestionViewController.xib */ = {isa = PBXFileReference; fileEncoding = 4; lastKnownFileType = file.xib; path = MaintainSuggestionViewController.xib; sourceTree = "<group>"; };
		E2EE659816C7EFA700ED1C73 /* DriverLicenseViewController.h */ = {isa = PBXFileReference; fileEncoding = 4; lastKnownFileType = sourcecode.c.h; path = DriverLicenseViewController.h; sourceTree = "<group>"; };
		E2EE659916C7EFA700ED1C73 /* DriverLicenseViewController.m */ = {isa = PBXFileReference; fileEncoding = 4; lastKnownFileType = sourcecode.c.objc; path = DriverLicenseViewController.m; sourceTree = "<group>"; };
		E2EE659A16C7EFA800ED1C73 /* DriverLicenseViewController.xib */ = {isa = PBXFileReference; fileEncoding = 4; lastKnownFileType = file.xib; path = DriverLicenseViewController.xib; sourceTree = "<group>"; };
		E2EE659D16C7F13400ED1C73 /* CarRegistrationViewController.h */ = {isa = PBXFileReference; fileEncoding = 4; lastKnownFileType = sourcecode.c.h; path = CarRegistrationViewController.h; sourceTree = "<group>"; };
		E2EE659E16C7F13400ED1C73 /* CarRegistrationViewController.m */ = {isa = PBXFileReference; fileEncoding = 4; lastKnownFileType = sourcecode.c.objc; path = CarRegistrationViewController.m; sourceTree = "<group>"; };
		E2EE659F16C7F13400ED1C73 /* CarRegistrationViewController.xib */ = {isa = PBXFileReference; fileEncoding = 4; lastKnownFileType = file.xib; path = CarRegistrationViewController.xib; sourceTree = "<group>"; };
		E2EE65A216C7F2CB00ED1C73 /* IllegallyListViewController.h */ = {isa = PBXFileReference; fileEncoding = 4; lastKnownFileType = sourcecode.c.h; path = IllegallyListViewController.h; sourceTree = "<group>"; };
		E2EE65A316C7F2CB00ED1C73 /* IllegallyListViewController.m */ = {isa = PBXFileReference; fileEncoding = 4; lastKnownFileType = sourcecode.c.objc; path = IllegallyListViewController.m; sourceTree = "<group>"; };
		E2EE65A416C7F2CC00ED1C73 /* IllegallyListViewController.xib */ = {isa = PBXFileReference; fileEncoding = 4; lastKnownFileType = file.xib; path = IllegallyListViewController.xib; sourceTree = "<group>"; };
		E2EE65A716C7F56400ED1C73 /* BrowserViewController.h */ = {isa = PBXFileReference; fileEncoding = 4; lastKnownFileType = sourcecode.c.h; path = BrowserViewController.h; sourceTree = "<group>"; };
		E2EE65A816C7F56400ED1C73 /* BrowserViewController.m */ = {isa = PBXFileReference; fileEncoding = 4; lastKnownFileType = sourcecode.c.objc; path = BrowserViewController.m; sourceTree = "<group>"; };
		E2EE65A916C7F56400ED1C73 /* BrowserViewController.xib */ = {isa = PBXFileReference; fileEncoding = 4; lastKnownFileType = file.xib; path = BrowserViewController.xib; sourceTree = "<group>"; };
		E2EE65BC16CC7F2400ED1C73 /* TaxForCarShipViewController.h */ = {isa = PBXFileReference; fileEncoding = 4; lastKnownFileType = sourcecode.c.h; path = TaxForCarShipViewController.h; sourceTree = "<group>"; };
		E2EE65BD16CC7F2400ED1C73 /* TaxForCarShipViewController.m */ = {isa = PBXFileReference; fileEncoding = 4; lastKnownFileType = sourcecode.c.objc; path = TaxForCarShipViewController.m; sourceTree = "<group>"; };
		E2EE65BE16CC7F2400ED1C73 /* TaxForCarShipViewController.xib */ = {isa = PBXFileReference; fileEncoding = 4; lastKnownFileType = file.xib; path = TaxForCarShipViewController.xib; sourceTree = "<group>"; };
		E2EE65CA16CC89B300ED1C73 /* CompulsoryInsuranceViewController.h */ = {isa = PBXFileReference; fileEncoding = 4; lastKnownFileType = sourcecode.c.h; path = CompulsoryInsuranceViewController.h; sourceTree = "<group>"; };
		E2EE65CB16CC89B300ED1C73 /* CompulsoryInsuranceViewController.m */ = {isa = PBXFileReference; fileEncoding = 4; lastKnownFileType = sourcecode.c.objc; path = CompulsoryInsuranceViewController.m; sourceTree = "<group>"; };
		E2EE65CC16CC89B400ED1C73 /* CompulsoryInsuranceViewController.xib */ = {isa = PBXFileReference; fileEncoding = 4; lastKnownFileType = file.xib; path = CompulsoryInsuranceViewController.xib; sourceTree = "<group>"; };
		E2EE65CF16CC915300ED1C73 /* BusinessInsuranceViewController.h */ = {isa = PBXFileReference; fileEncoding = 4; lastKnownFileType = sourcecode.c.h; path = BusinessInsuranceViewController.h; sourceTree = "<group>"; };
		E2EE65D016CC915300ED1C73 /* BusinessInsuranceViewController.m */ = {isa = PBXFileReference; fileEncoding = 4; lastKnownFileType = sourcecode.c.objc; path = BusinessInsuranceViewController.m; sourceTree = "<group>"; };
		E2EE65D116CC915500ED1C73 /* BusinessInsuranceViewController.xib */ = {isa = PBXFileReference; fileEncoding = 4; lastKnownFileType = file.xib; path = BusinessInsuranceViewController.xib; sourceTree = "<group>"; };
		E2EE65D416CC92B400ED1C73 /* BusinessInsuranceHeaderViewViewController.h */ = {isa = PBXFileReference; fileEncoding = 4; lastKnownFileType = sourcecode.c.h; path = BusinessInsuranceHeaderViewViewController.h; sourceTree = "<group>"; };
		E2EE65D516CC92B400ED1C73 /* BusinessInsuranceHeaderViewViewController.m */ = {isa = PBXFileReference; fileEncoding = 4; lastKnownFileType = sourcecode.c.objc; path = BusinessInsuranceHeaderViewViewController.m; sourceTree = "<group>"; };
		E2EE65D616CC92B400ED1C73 /* BusinessInsuranceHeaderViewViewController.xib */ = {isa = PBXFileReference; fileEncoding = 4; lastKnownFileType = file.xib; path = BusinessInsuranceHeaderViewViewController.xib; sourceTree = "<group>"; };
		E2EE65D916CC9E4300ED1C73 /* InsuranceRecordsViewController.h */ = {isa = PBXFileReference; fileEncoding = 4; lastKnownFileType = sourcecode.c.h; path = InsuranceRecordsViewController.h; sourceTree = "<group>"; };
		E2EE65DA16CC9E4400ED1C73 /* InsuranceRecordsViewController.m */ = {isa = PBXFileReference; fileEncoding = 4; lastKnownFileType = sourcecode.c.objc; path = InsuranceRecordsViewController.m; sourceTree = "<group>"; };
		E2EE65DB16CC9E4600ED1C73 /* InsuranceRecordsViewController.xib */ = {isa = PBXFileReference; fileEncoding = 4; lastKnownFileType = file.xib; path = InsuranceRecordsViewController.xib; sourceTree = "<group>"; };
		E2EE65DE16CCA13900ED1C73 /* MaintainListViewController.h */ = {isa = PBXFileReference; fileEncoding = 4; lastKnownFileType = sourcecode.c.h; path = MaintainListViewController.h; sourceTree = "<group>"; };
		E2EE65DF16CCA13A00ED1C73 /* MaintainListViewController.m */ = {isa = PBXFileReference; fileEncoding = 4; lastKnownFileType = sourcecode.c.objc; path = MaintainListViewController.m; sourceTree = "<group>"; };
		E2EE65E016CCA13D00ED1C73 /* MaintainListViewController.xib */ = {isa = PBXFileReference; fileEncoding = 4; lastKnownFileType = file.xib; path = MaintainListViewController.xib; sourceTree = "<group>"; };
		E2EE65E316CCA4C600ED1C73 /* MaintainRecordDetailViewController.h */ = {isa = PBXFileReference; fileEncoding = 4; lastKnownFileType = sourcecode.c.h; path = MaintainRecordDetailViewController.h; sourceTree = "<group>"; };
		E2EE65E416CCA4C600ED1C73 /* MaintainRecordDetailViewController.m */ = {isa = PBXFileReference; fileEncoding = 4; lastKnownFileType = sourcecode.c.objc; path = MaintainRecordDetailViewController.m; sourceTree = "<group>"; };
		E2EE65E516CCA4C600ED1C73 /* MaintainRecordDetailViewController.xib */ = {isa = PBXFileReference; fileEncoding = 4; lastKnownFileType = file.xib; path = MaintainRecordDetailViewController.xib; sourceTree = "<group>"; };
		E2EE65E816CD099000ED1C73 /* NetViewController.h */ = {isa = PBXFileReference; fileEncoding = 4; lastKnownFileType = sourcecode.c.h; path = NetViewController.h; sourceTree = "<group>"; };
		E2EE65E916CD099000ED1C73 /* NetViewController.m */ = {isa = PBXFileReference; fileEncoding = 4; lastKnownFileType = sourcecode.c.objc; path = NetViewController.m; sourceTree = "<group>"; };
		E2EE65EF16CD117600ED1C73 /* SystemConfiguration.framework */ = {isa = PBXFileReference; lastKnownFileType = wrapper.framework; name = SystemConfiguration.framework; path = System/Library/Frameworks/SystemConfiguration.framework; sourceTree = SDKROOT; };
/* End PBXFileReference section */

/* Begin PBXFrameworksBuildPhase section */
		E2296D2216B760EC00E332D9 /* Frameworks */ = {
			isa = PBXFrameworksBuildPhase;
			buildActionMask = 2147483647;
			files = (
				E2EE65F016CD117800ED1C73 /* SystemConfiguration.framework in Frameworks */,
				E2EE658416C6863D00ED1C73 /* CoreData.framework in Frameworks */,
				E2296D2A16B760EC00E332D9 /* UIKit.framework in Frameworks */,
				E2296D2C16B760EC00E332D9 /* Foundation.framework in Frameworks */,
				E2296D2E16B760EC00E332D9 /* CoreGraphics.framework in Frameworks */,
			);
			runOnlyForDeploymentPostprocessing = 0;
		};
/* End PBXFrameworksBuildPhase section */

/* Begin PBXGroup section */
		E2296D1A16B760EC00E332D9 = {
			isa = PBXGroup;
			children = (
				E2296D2F16B760EC00E332D9 /* EasyDrive365 */,
				E2296D2816B760EC00E332D9 /* Frameworks */,
				E2296D2616B760EC00E332D9 /* Products */,
			);
			sourceTree = "<group>";
		};
		E2296D2616B760EC00E332D9 /* Products */ = {
			isa = PBXGroup;
			children = (
				E2296D2516B760EC00E332D9 /* EasyDrive365.app */,
			);
			name = Products;
			sourceTree = "<group>";
		};
		E2296D2816B760EC00E332D9 /* Frameworks */ = {
			isa = PBXGroup;
			children = (
				E2EE65EF16CD117600ED1C73 /* SystemConfiguration.framework */,
				E2EE658316C6863D00ED1C73 /* CoreData.framework */,
				E2296D2916B760EC00E332D9 /* UIKit.framework */,
				E2296D2B16B760EC00E332D9 /* Foundation.framework */,
				E2296D2D16B760EC00E332D9 /* CoreGraphics.framework */,
			);
			name = Frameworks;
			sourceTree = "<group>";
		};
		E2296D2F16B760EC00E332D9 /* EasyDrive365 */ = {
			isa = PBXGroup;
			children = (
				E2EE658516C68DCE00ED1C73 /* Network */,
				E2EE655D16C685E800ED1C73 /* Sync */,
				E2EE655C16C685D400ED1C73 /* AFNetworking */,
				E2EE654F16C6053E00ED1C73 /* Public Components */,
				E2EE653916C5294A00ED1C73 /* Modules */,
				E2EE651816C5006B00ED1C73 /* resources */,
				E2EE650C16C29C0500ED1C73 /* Components */,
				E2EE650716C293DD00ED1C73 /* settings */,
				E2296D3816B760EC00E332D9 /* AppDelegate.h */,
				E2296D3916B760EC00E332D9 /* AppDelegate.m */,
				E2296D4116B760EC00E332D9 /* MainStoryboard.storyboard */,
				E2296D4416B760EC00E332D9 /* ViewController.h */,
				E2296D4516B760EC00E332D9 /* ViewController.m */,
				E2296D3016B760EC00E332D9 /* Supporting Files */,
				E2296D4C16B7625800E332D9 /* LoginViewController.h */,
				E2296D4D16B7625800E332D9 /* LoginViewController.m */,
				E2296D4F16B7723F00E332D9 /* SignupViewController.h */,
				E2296D5016B7723F00E332D9 /* SignupViewController.m */,
			);
			path = EasyDrive365;
			sourceTree = "<group>";
		};
		E2296D3016B760EC00E332D9 /* Supporting Files */ = {
			isa = PBXGroup;
			children = (
				E2296D3116B760EC00E332D9 /* EasyDrive365-Info.plist */,
				E2296D3216B760EC00E332D9 /* InfoPlist.strings */,
				E2296D3516B760EC00E332D9 /* main.m */,
				E2296D3716B760EC00E332D9 /* EasyDrive365-Prefix.pch */,
				E2296D3B16B760EC00E332D9 /* Default.png */,
				E2296D3D16B760EC00E332D9 /* Default@2x.png */,
				E2296D3F16B760EC00E332D9 /* Default-568h@2x.png */,
			);
			name = "Supporting Files";
			sourceTree = "<group>";
		};
		E2EE650716C293DD00ED1C73 /* settings */ = {
			isa = PBXGroup;
			children = (
				E2EE650316C293D300ED1C73 /* AppSettings.h */,
				E2EE650416C293D300ED1C73 /* AppSettings.m */,
				E2EE651216C2A59400ED1C73 /* MenuItem.h */,
				E2EE651316C2A59400ED1C73 /* MenuItem.m */,
				E2EE651516C2A62500ED1C73 /* Menu.h */,
				E2EE651616C2A62500ED1C73 /* Menu.m */,
			);
			name = settings;
			sourceTree = "<group>";
		};
		E2EE650C16C29C0500ED1C73 /* Components */ = {
			isa = PBXGroup;
			children = (
				E2EE650D16C29C2F00ED1C73 /* NavigationCell.h */,
				E2EE650E16C29C2F00ED1C73 /* NavigationCell.m */,
				E2EE651016C29D1600ED1C73 /* NavigationCell.xib */,
			);
			name = Components;
			sourceTree = "<group>";
		};
		E2EE651816C5006B00ED1C73 /* resources */ = {
			isa = PBXGroup;
			children = (
				E2EE651916C5007D00ED1C73 /* 01.png */,
				E2EE651A16C5007D00ED1C73 /* 001.png */,
				E2EE651B16C5007D00ED1C73 /* 02.png */,
				E2EE651C16C5007D00ED1C73 /* 002.png */,
				E2EE651D16C5007D00ED1C73 /* 03.png */,
				E2EE651E16C5007D00ED1C73 /* 003.png */,
				E2EE651F16C5007D00ED1C73 /* 04.png */,
				E2EE652016C5007D00ED1C73 /* 004.png */,
				E2EE652116C5007D00ED1C73 /* 05.png */,
				E2EE652216C5007D00ED1C73 /* 005.png */,
				E2EE652316C5007D00ED1C73 /* 06.png */,
				E2EE652416C5007D00ED1C73 /* 006.png */,
				E2EE652516C5007D00ED1C73 /* 07.png */,
				E2EE652616C5007D00ED1C73 /* 007.png */,
				E2EE652716C5007D00ED1C73 /* 08.png */,
				E2EE652816C5007D00ED1C73 /* 008.png */,
			);
			name = resources;
			sourceTree = "<group>";
		};
		E2EE653916C5294A00ED1C73 /* Modules */ = {
			isa = PBXGroup;
			children = (
				E2EE653A16C529A100ED1C73 /* InformationViewController.h */,
				E2EE653B16C529A100ED1C73 /* InformationViewController.m */,
				E2EE653C16C529A100ED1C73 /* InformationViewController.xib */,
				E2EE658916C7C72100ED1C73 /* HelpCallViewController.h */,
				E2EE658A16C7C72100ED1C73 /* HelpCallViewController.m */,
				E2EE658B16C7C72100ED1C73 /* HelpCallViewController.xib */,
				E2EE658E16C7E6E500ED1C73 /* AccidentRescueViewController.h */,
				E2EE658F16C7E6E500ED1C73 /* AccidentRescueViewController.m */,
				E2EE659016C7E6E500ED1C73 /* AccidentRescueViewController.xib */,
				E2EE659316C7ED0400ED1C73 /* MaintainSuggestionViewController.h */,
				E2EE659416C7ED0400ED1C73 /* MaintainSuggestionViewController.m */,
				E2EE659516C7ED0400ED1C73 /* MaintainSuggestionViewController.xib */,
				E2EE659816C7EFA700ED1C73 /* DriverLicenseViewController.h */,
				E2EE659916C7EFA700ED1C73 /* DriverLicenseViewController.m */,
				E2EE659A16C7EFA800ED1C73 /* DriverLicenseViewController.xib */,
				E2EE659D16C7F13400ED1C73 /* CarRegistrationViewController.h */,
				E2EE659E16C7F13400ED1C73 /* CarRegistrationViewController.m */,
				E2EE659F16C7F13400ED1C73 /* CarRegistrationViewController.xib */,
				E2EE65A216C7F2CB00ED1C73 /* IllegallyListViewController.h */,
				E2EE65A316C7F2CB00ED1C73 /* IllegallyListViewController.m */,
				E2EE65A416C7F2CC00ED1C73 /* IllegallyListViewController.xib */,
				E2EE65BC16CC7F2400ED1C73 /* TaxForCarShipViewController.h */,
				E2EE65BD16CC7F2400ED1C73 /* TaxForCarShipViewController.m */,
				E2EE65BE16CC7F2400ED1C73 /* TaxForCarShipViewController.xib */,
				E2EE65CA16CC89B300ED1C73 /* CompulsoryInsuranceViewController.h */,
				E2EE65CB16CC89B300ED1C73 /* CompulsoryInsuranceViewController.m */,
				E2EE65CC16CC89B400ED1C73 /* CompulsoryInsuranceViewController.xib */,
				E2EE65CF16CC915300ED1C73 /* BusinessInsuranceViewController.h */,
				E2EE65D016CC915300ED1C73 /* BusinessInsuranceViewController.m */,
				E2EE65D116CC915500ED1C73 /* BusinessInsuranceViewController.xib */,
				E2EE65D916CC9E4300ED1C73 /* InsuranceRecordsViewController.h */,
				E2EE65DA16CC9E4400ED1C73 /* InsuranceRecordsViewController.m */,
				E2EE65DB16CC9E4600ED1C73 /* InsuranceRecordsViewController.xib */,
				E2EE65DE16CCA13900ED1C73 /* MaintainListViewController.h */,
				E2EE65DF16CCA13A00ED1C73 /* MaintainListViewController.m */,
				E2EE65E016CCA13D00ED1C73 /* MaintainListViewController.xib */,
			);
			name = Modules;
			sourceTree = "<group>";
		};
		E2EE654F16C6053E00ED1C73 /* Public Components */ = {
			isa = PBXGroup;
			children = (
				E2EE655116C6055D00ED1C73 /* PullRefreshTableViewController.h */,
				E2EE655216C6055D00ED1C73 /* PullRefreshTableViewController.m */,
				E2EE65A716C7F56400ED1C73 /* BrowserViewController.h */,
				E2EE65A816C7F56400ED1C73 /* BrowserViewController.m */,
				E2EE65A916C7F56400ED1C73 /* BrowserViewController.xib */,
				E2EE65D416CC92B400ED1C73 /* BusinessInsuranceHeaderViewViewController.h */,
				E2EE65D516CC92B400ED1C73 /* BusinessInsuranceHeaderViewViewController.m */,
				E2EE65D616CC92B400ED1C73 /* BusinessInsuranceHeaderViewViewController.xib */,
				E2EE65E316CCA4C600ED1C73 /* MaintainRecordDetailViewController.h */,
				E2EE65E416CCA4C600ED1C73 /* MaintainRecordDetailViewController.m */,
				E2EE65E516CCA4C600ED1C73 /* MaintainRecordDetailViewController.xib */,
			);
			name = "Public Components";
			sourceTree = "<group>";
		};
		E2EE655C16C685D400ED1C73 /* AFNetworking */ = {
			isa = PBXGroup;
			children = (
				E2EE655E16C685F300ED1C73 /* AFHTTPClient.h */,
				E2EE655F16C685F300ED1C73 /* AFHTTPClient.m */,
				E2EE656016C685F300ED1C73 /* AFHTTPRequestOperation.h */,
				E2EE656116C685F300ED1C73 /* AFHTTPRequestOperation.m */,
				E2EE656216C685F300ED1C73 /* AFImageRequestOperation.h */,
				E2EE656316C685F300ED1C73 /* AFImageRequestOperation.m */,
				E2EE656416C685F300ED1C73 /* AFJSONRequestOperation.h */,
				E2EE656516C685F300ED1C73 /* AFJSONRequestOperation.m */,
				E2EE656616C685F300ED1C73 /* AFNetworkActivityIndicatorManager.h */,
				E2EE656716C685F300ED1C73 /* AFNetworkActivityIndicatorManager.m */,
				E2EE656816C685F300ED1C73 /* AFNetworking.h */,
				E2EE656916C685F300ED1C73 /* AFPropertyListRequestOperation.h */,
				E2EE656A16C685F300ED1C73 /* AFPropertyListRequestOperation.m */,
				E2EE656B16C685F300ED1C73 /* AFURLConnectionOperation.h */,
				E2EE656C16C685F300ED1C73 /* AFURLConnectionOperation.m */,
				E2EE656D16C685F300ED1C73 /* AFXMLRequestOperation.h */,
				E2EE656E16C685F300ED1C73 /* AFXMLRequestOperation.m */,
				E2EE656F16C685F300ED1C73 /* UIImageView+AFNetworking.h */,
				E2EE657016C685F300ED1C73 /* UIImageView+AFNetworking.m */,
			);
			name = AFNetworking;
			sourceTree = "<group>";
		};
		E2EE655D16C685E800ED1C73 /* Sync */ = {
			isa = PBXGroup;
			children = (
				E2EE657A16C6860300ED1C73 /* SyncParseAPIClient.h */,
				E2EE657B16C6860300ED1C73 /* SyncParseAPIClient.m */,
				E2EE657C16C6860300ED1C73 /* SyncEngine.h */,
				E2EE657D16C6860300ED1C73 /* SyncEngine.m */,
				E2EE657E16C6860300ED1C73 /* CoreDataController.h */,
				E2EE657F16C6860300ED1C73 /* CoreDataController.m */,
			);
			name = Sync;
			sourceTree = "<group>";
		};
		E2EE658516C68DCE00ED1C73 /* Network */ = {
			isa = PBXGroup;
			children = (
				E2EE658616C68E0F00ED1C73 /* HttpClient.h */,
				E2EE658716C68E0F00ED1C73 /* HttpClient.m */,
				E2EE65E816CD099000ED1C73 /* NetViewController.h */,
				E2EE65E916CD099000ED1C73 /* NetViewController.m */,
			);
			name = Network;
			sourceTree = "<group>";
		};
/* End PBXGroup section */

/* Begin PBXNativeTarget section */
		E2296D2416B760EC00E332D9 /* EasyDrive365 */ = {
			isa = PBXNativeTarget;
			buildConfigurationList = E2296D4916B760EC00E332D9 /* Build configuration list for PBXNativeTarget "EasyDrive365" */;
			buildPhases = (
				E2296D2116B760EC00E332D9 /* Sources */,
				E2296D2216B760EC00E332D9 /* Frameworks */,
				E2296D2316B760EC00E332D9 /* Resources */,
			);
			buildRules = (
			);
			dependencies = (
			);
			name = EasyDrive365;
			productName = EasyDrive365;
			productReference = E2296D2516B760EC00E332D9 /* EasyDrive365.app */;
			productType = "com.apple.product-type.application";
		};
/* End PBXNativeTarget section */

/* Begin PBXProject section */
		E2296D1C16B760EC00E332D9 /* Project object */ = {
			isa = PBXProject;
			attributes = {
				LastUpgradeCheck = 0450;
				ORGANIZATIONNAME = "Fu Steven";
			};
			buildConfigurationList = E2296D1F16B760EC00E332D9 /* Build configuration list for PBXProject "EasyDrive365" */;
			compatibilityVersion = "Xcode 3.2";
			developmentRegion = English;
			hasScannedForEncodings = 0;
			knownRegions = (
				en,
			);
			mainGroup = E2296D1A16B760EC00E332D9;
			productRefGroup = E2296D2616B760EC00E332D9 /* Products */;
			projectDirPath = "";
			projectRoot = "";
			targets = (
				E2296D2416B760EC00E332D9 /* EasyDrive365 */,
			);
		};
/* End PBXProject section */

/* Begin PBXResourcesBuildPhase section */
		E2296D2316B760EC00E332D9 /* Resources */ = {
			isa = PBXResourcesBuildPhase;
			buildActionMask = 2147483647;
			files = (
				E2296D3416B760EC00E332D9 /* InfoPlist.strings in Resources */,
				E2296D3C16B760EC00E332D9 /* Default.png in Resources */,
				E2296D3E16B760EC00E332D9 /* Default@2x.png in Resources */,
				E2296D4016B760EC00E332D9 /* Default-568h@2x.png in Resources */,
				E2296D4316B760EC00E332D9 /* MainStoryboard.storyboard in Resources */,
				E2EE651116C29D1600ED1C73 /* NavigationCell.xib in Resources */,
				E2EE652916C5007D00ED1C73 /* 01.png in Resources */,
				E2EE652A16C5007D00ED1C73 /* 001.png in Resources */,
				E2EE652B16C5007D00ED1C73 /* 02.png in Resources */,
				E2EE652C16C5007D00ED1C73 /* 002.png in Resources */,
				E2EE652D16C5007D00ED1C73 /* 03.png in Resources */,
				E2EE652E16C5007D00ED1C73 /* 003.png in Resources */,
				E2EE652F16C5007D00ED1C73 /* 04.png in Resources */,
				E2EE653016C5007D00ED1C73 /* 004.png in Resources */,
				E2EE653116C5007D00ED1C73 /* 05.png in Resources */,
				E2EE653216C5007D00ED1C73 /* 005.png in Resources */,
				E2EE653316C5007D00ED1C73 /* 06.png in Resources */,
				E2EE653416C5007D00ED1C73 /* 006.png in Resources */,
				E2EE653516C5007D00ED1C73 /* 07.png in Resources */,
				E2EE653616C5007D00ED1C73 /* 007.png in Resources */,
				E2EE653716C5007D00ED1C73 /* 08.png in Resources */,
				E2EE653816C5007D00ED1C73 /* 008.png in Resources */,
				E2EE653E16C529A100ED1C73 /* InformationViewController.xib in Resources */,
				E2EE658D16C7C72100ED1C73 /* HelpCallViewController.xib in Resources */,
				E2EE659216C7E6E600ED1C73 /* AccidentRescueViewController.xib in Resources */,
				E2EE659716C7ED0500ED1C73 /* MaintainSuggestionViewController.xib in Resources */,
				E2EE659C16C7EFA800ED1C73 /* DriverLicenseViewController.xib in Resources */,
				E2EE65A116C7F13500ED1C73 /* CarRegistrationViewController.xib in Resources */,
				E2EE65A616C7F2CC00ED1C73 /* IllegallyListViewController.xib in Resources */,
				E2EE65AB16C7F56400ED1C73 /* BrowserViewController.xib in Resources */,
				E2EE65C016CC7F2400ED1C73 /* TaxForCarShipViewController.xib in Resources */,
				E2EE65CE16CC89B400ED1C73 /* CompulsoryInsuranceViewController.xib in Resources */,
				E2EE65D316CC915500ED1C73 /* BusinessInsuranceViewController.xib in Resources */,
				E2EE65D816CC92B400ED1C73 /* BusinessInsuranceHeaderViewViewController.xib in Resources */,
				E2EE65DD16CC9E4600ED1C73 /* InsuranceRecordsViewController.xib in Resources */,
				E2EE65E216CCA13E00ED1C73 /* MaintainListViewController.xib in Resources */,
				E2EE65E716CCA4C600ED1C73 /* MaintainRecordDetailViewController.xib in Resources */,
			);
			runOnlyForDeploymentPostprocessing = 0;
		};
/* End PBXResourcesBuildPhase section */

/* Begin PBXSourcesBuildPhase section */
		E2296D2116B760EC00E332D9 /* Sources */ = {
			isa = PBXSourcesBuildPhase;
			buildActionMask = 2147483647;
			files = (
				E2296D3616B760EC00E332D9 /* main.m in Sources */,
				E2296D3A16B760EC00E332D9 /* AppDelegate.m in Sources */,
				E2296D4616B760EC00E332D9 /* ViewController.m in Sources */,
				E2296D4E16B7625800E332D9 /* LoginViewController.m in Sources */,
				E2296D5116B7723F00E332D9 /* SignupViewController.m in Sources */,
				E2EE650516C293D300ED1C73 /* AppSettings.m in Sources */,
				E2EE650F16C29C2F00ED1C73 /* NavigationCell.m in Sources */,
				E2EE651416C2A59400ED1C73 /* MenuItem.m in Sources */,
				E2EE651716C2A62500ED1C73 /* Menu.m in Sources */,
				E2EE653D16C529A100ED1C73 /* InformationViewController.m in Sources */,
				E2EE655316C6055D00ED1C73 /* PullRefreshTableViewController.m in Sources */,
				E2EE657116C685F300ED1C73 /* AFHTTPClient.m in Sources */,
				E2EE657216C685F300ED1C73 /* AFHTTPRequestOperation.m in Sources */,
				E2EE657316C685F300ED1C73 /* AFImageRequestOperation.m in Sources */,
				E2EE657416C685F300ED1C73 /* AFJSONRequestOperation.m in Sources */,
				E2EE657516C685F300ED1C73 /* AFNetworkActivityIndicatorManager.m in Sources */,
				E2EE657616C685F300ED1C73 /* AFPropertyListRequestOperation.m in Sources */,
				E2EE657716C685F300ED1C73 /* AFURLConnectionOperation.m in Sources */,
				E2EE657816C685F300ED1C73 /* AFXMLRequestOperation.m in Sources */,
				E2EE657916C685F300ED1C73 /* UIImageView+AFNetworking.m in Sources */,
				E2EE658016C6860300ED1C73 /* SyncParseAPIClient.m in Sources */,
				E2EE658116C6860300ED1C73 /* SyncEngine.m in Sources */,
				E2EE658216C6860300ED1C73 /* CoreDataController.m in Sources */,
				E2EE658816C68E0F00ED1C73 /* HttpClient.m in Sources */,
				E2EE658C16C7C72100ED1C73 /* HelpCallViewController.m in Sources */,
				E2EE659116C7E6E600ED1C73 /* AccidentRescueViewController.m in Sources */,
				E2EE659616C7ED0500ED1C73 /* MaintainSuggestionViewController.m in Sources */,
				E2EE659B16C7EFA800ED1C73 /* DriverLicenseViewController.m in Sources */,
				E2EE65A016C7F13500ED1C73 /* CarRegistrationViewController.m in Sources */,
				E2EE65A516C7F2CC00ED1C73 /* IllegallyListViewController.m in Sources */,
				E2EE65AA16C7F56400ED1C73 /* BrowserViewController.m in Sources */,
				E2EE65BF16CC7F2400ED1C73 /* TaxForCarShipViewController.m in Sources */,
				E2EE65CD16CC89B400ED1C73 /* CompulsoryInsuranceViewController.m in Sources */,
				E2EE65D216CC915500ED1C73 /* BusinessInsuranceViewController.m in Sources */,
				E2EE65D716CC92B400ED1C73 /* BusinessInsuranceHeaderViewViewController.m in Sources */,
				E2EE65DC16CC9E4600ED1C73 /* InsuranceRecordsViewController.m in Sources */,
				E2EE65E116CCA13E00ED1C73 /* MaintainListViewController.m in Sources */,
				E2EE65E616CCA4C600ED1C73 /* MaintainRecordDetailViewController.m in Sources */,
				E2EE65EA16CD099000ED1C73 /* NetViewController.m in Sources */,
			);
			runOnlyForDeploymentPostprocessing = 0;
		};
/* End PBXSourcesBuildPhase section */

/* Begin PBXVariantGroup section */
		E2296D3216B760EC00E332D9 /* InfoPlist.strings */ = {
			isa = PBXVariantGroup;
			children = (
				E2296D3316B760EC00E332D9 /* en */,
			);
			name = InfoPlist.strings;
			sourceTree = "<group>";
		};
		E2296D4116B760EC00E332D9 /* MainStoryboard.storyboard */ = {
			isa = PBXVariantGroup;
			children = (
				E2296D4216B760EC00E332D9 /* en */,
			);
			name = MainStoryboard.storyboard;
			sourceTree = "<group>";
		};
/* End PBXVariantGroup section */

/* Begin XCBuildConfiguration section */
		E2296D4716B760EC00E332D9 /* Debug */ = {
			isa = XCBuildConfiguration;
			buildSettings = {
				ALWAYS_SEARCH_USER_PATHS = NO;
				CLANG_CXX_LANGUAGE_STANDARD = "gnu++0x";
				CLANG_CXX_LIBRARY = "libc++";
				CLANG_ENABLE_OBJC_ARC = YES;
				CLANG_WARN_EMPTY_BODY = YES;
				CLANG_WARN__DUPLICATE_METHOD_MATCH = YES;
				"CODE_SIGN_IDENTITY[sdk=iphoneos*]" = "iPhone Developer";
				COPY_PHASE_STRIP = NO;
				GCC_C_LANGUAGE_STANDARD = gnu99;
				GCC_DYNAMIC_NO_PIC = NO;
				GCC_OPTIMIZATION_LEVEL = 0;
				GCC_PREPROCESSOR_DEFINITIONS = (
					"DEBUG=1",
					"$(inherited)",
				);
				GCC_SYMBOLS_PRIVATE_EXTERN = NO;
				GCC_WARN_ABOUT_RETURN_TYPE = YES;
				GCC_WARN_UNINITIALIZED_AUTOS = YES;
				GCC_WARN_UNUSED_VARIABLE = YES;
				IPHONEOS_DEPLOYMENT_TARGET = 6.0;
				ONLY_ACTIVE_ARCH = YES;
				SDKROOT = iphoneos;
			};
			name = Debug;
		};
		E2296D4816B760EC00E332D9 /* Release */ = {
			isa = XCBuildConfiguration;
			buildSettings = {
				ALWAYS_SEARCH_USER_PATHS = NO;
				CLANG_CXX_LANGUAGE_STANDARD = "gnu++0x";
				CLANG_CXX_LIBRARY = "libc++";
				CLANG_ENABLE_OBJC_ARC = YES;
				CLANG_WARN_EMPTY_BODY = YES;
				CLANG_WARN__DUPLICATE_METHOD_MATCH = YES;
				"CODE_SIGN_IDENTITY[sdk=iphoneos*]" = "iPhone Developer";
				COPY_PHASE_STRIP = YES;
				GCC_C_LANGUAGE_STANDARD = gnu99;
				GCC_WARN_ABOUT_RETURN_TYPE = YES;
				GCC_WARN_UNINITIALIZED_AUTOS = YES;
				GCC_WARN_UNUSED_VARIABLE = YES;
				IPHONEOS_DEPLOYMENT_TARGET = 6.0;
				OTHER_CFLAGS = "-DNS_BLOCK_ASSERTIONS=1";
				SDKROOT = iphoneos;
				VALIDATE_PRODUCT = YES;
			};
			name = Release;
		};
		E2296D4A16B760EC00E332D9 /* Debug */ = {
			isa = XCBuildConfiguration;
			buildSettings = {
				CODE_SIGN_IDENTITY = "";
				"CODE_SIGN_IDENTITY[sdk=iphoneos*]" = "";
				GCC_PRECOMPILE_PREFIX_HEADER = YES;
				GCC_PREFIX_HEADER = "EasyDrive365/EasyDrive365-Prefix.pch";
				INFOPLIST_FILE = "EasyDrive365/EasyDrive365-Info.plist";
				IPHONEOS_DEPLOYMENT_TARGET = 5.0;
				PRODUCT_NAME = "$(TARGET_NAME)";
				WRAPPER_EXTENSION = app;
			};
			name = Debug;
		};
		E2296D4B16B760EC00E332D9 /* Release */ = {
			isa = XCBuildConfiguration;
			buildSettings = {
				CODE_SIGN_IDENTITY = "";
				"CODE_SIGN_IDENTITY[sdk=iphoneos*]" = "";
				GCC_PRECOMPILE_PREFIX_HEADER = YES;
				GCC_PREFIX_HEADER = "EasyDrive365/EasyDrive365-Prefix.pch";
				INFOPLIST_FILE = "EasyDrive365/EasyDrive365-Info.plist";
				IPHONEOS_DEPLOYMENT_TARGET = 5.0;
				PRODUCT_NAME = "$(TARGET_NAME)";
				WRAPPER_EXTENSION = app;
			};
			name = Release;
		};
/* End XCBuildConfiguration section */

/* Begin XCConfigurationList section */
		E2296D1F16B760EC00E332D9 /* Build configuration list for PBXProject "EasyDrive365" */ = {
			isa = XCConfigurationList;
			buildConfigurations = (
				E2296D4716B760EC00E332D9 /* Debug */,
				E2296D4816B760EC00E332D9 /* Release */,
			);
			defaultConfigurationIsVisible = 0;
			defaultConfigurationName = Release;
		};
		E2296D4916B760EC00E332D9 /* Build configuration list for PBXNativeTarget "EasyDrive365" */ = {
			isa = XCConfigurationList;
			buildConfigurations = (
				E2296D4A16B760EC00E332D9 /* Debug */,
				E2296D4B16B760EC00E332D9 /* Release */,
			);
			defaultConfigurationIsVisible = 0;
			defaultConfigurationName = Release;
		};
/* End XCConfigurationList section */
	};
	rootObject = E2296D1C16B760EC00E332D9 /* Project object */;
}
